{
  "name": "@zkp-ld/rdf-proofs-wasm",
  "version": "0.3.0",
  "lockfileVersion": 3,
  "requires": true,
  "packages": {
    "": {
      "name": "@zkp-ld/rdf-proofs-wasm",
      "version": "0.3.0",
      "license": "MIT",
      "devDependencies": {
        "rollup": "^3.28.0"
      }
    },
    "node_modules/rollup": {
      "version": "3.28.0",
      "resolved": "https://registry.npmjs.org/rollup/-/rollup-3.28.0.tgz",
      "integrity": "sha512-d7zhvo1OUY2SXSM6pfNjgD5+d0Nz87CUp4mt8l/GgVP3oBsPwzNvSzyu1me6BSG9JIgWNTVcafIXBIyM8yQ3yw==",
      "dev": true,
      "bin": {
        "rollup": "dist/bin/rollup"
      },
      "engines": {
        "node": ">=14.18.0",
        "npm": ">=8.0.0"
      },
      "optionalDependencies": {
        "fsevents": "~2.3.2"
      }
    }
  }
}
